// !$*UTF8*$!
{
	archiveVersion = 1;
	classes = {
	};
	objectVersion = 50;
	objects = {

/* Begin PBXBuildFile section */
		723EF97321028E0400F2FB2E /* AppDelegate.swift in Sources */ = {isa = PBXBuildFile; fileRef = 723EF97221028E0400F2FB2E /* AppDelegate.swift */; };
		723EF97521028E0400F2FB2E /* ViewController.swift in Sources */ = {isa = PBXBuildFile; fileRef = 723EF97421028E0400F2FB2E /* ViewController.swift */; };
		723EF97821028E0400F2FB2E /* Main.storyboard in Resources */ = {isa = PBXBuildFile; fileRef = 723EF97621028E0400F2FB2E /* Main.storyboard */; };
		723EF97A21028E0400F2FB2E /* Assets.xcassets in Resources */ = {isa = PBXBuildFile; fileRef = 723EF97921028E0400F2FB2E /* Assets.xcassets */; };
		723EF97D21028E0400F2FB2E /* LaunchScreen.storyboard in Resources */ = {isa = PBXBuildFile; fileRef = 723EF97B21028E0400F2FB2E /* LaunchScreen.storyboard */; };
		723EF98821028E0500F2FB2E /* DouYuZBTests.swift in Sources */ = {isa = PBXBuildFile; fileRef = 723EF98721028E0500F2FB2E /* DouYuZBTests.swift */; };
		723EF99321028E0500F2FB2E /* DouYuZBUITests.swift in Sources */ = {isa = PBXBuildFile; fileRef = 723EF99221028E0500F2FB2E /* DouYuZBUITests.swift */; };
/* End PBXBuildFile section */

/* Begin PBXContainerItemProxy section */
		723EF98421028E0500F2FB2E /* PBXContainerItemProxy */ = {
			isa = PBXContainerItemProxy;
			containerPortal = 723EF96721028E0300F2FB2E /* Project object */;
			proxyType = 1;
			remoteGlobalIDString = 723EF96E21028E0300F2FB2E;
			remoteInfo = DouYuZB;
		};
		723EF98F21028E0500F2FB2E /* PBXContainerItemProxy */ = {
			isa = PBXContainerItemProxy;
			containerPortal = 723EF96721028E0300F2FB2E /* Project object */;
			proxyType = 1;
			remoteGlobalIDString = 723EF96E21028E0300F2FB2E;
			remoteInfo = DouYuZB;
		};
/* End PBXContainerItemProxy section */

/* Begin PBXFileReference section */
		723EF96F21028E0300F2FB2E /* DouYuZB.app */ = {isa = PBXFileReference; explicitFileType = wrapper.application; includeInIndex = 0; path = DouYuZB.app; sourceTree = BUILT_PRODUCTS_DIR; };
		723EF97221028E0400F2FB2E /* AppDelegate.swift */ = {isa = PBXFileReference; lastKnownFileType = sourcecode.swift; path = AppDelegate.swift; sourceTree = "<group>"; };
		723EF97421028E0400F2FB2E /* ViewController.swift */ = {isa = PBXFileReference; lastKnownFileType = sourcecode.swift; path = ViewController.swift; sourceTree = "<group>"; };
		723EF97721028E0400F2FB2E /* Base */ = {isa = PBXFileReference; lastKnownFileType = file.storyboard; name = Base; path = Base.lproj/Main.storyboard; sourceTree = "<group>"; };
		723EF97921028E0400F2FB2E /* Assets.xcassets */ = {isa = PBXFileReference; lastKnownFileType = folder.assetcatalog; path = Assets.xcassets; sourceTree = "<group>"; };
		723EF97C21028E0400F2FB2E /* Base */ = {isa = PBXFileReference; lastKnownFileType = file.storyboard; name = Base; path = Base.lproj/LaunchScreen.storyboard; sourceTree = "<group>"; };
		723EF97E21028E0400F2FB2E /* Info.plist */ = {isa = PBXFileReference; lastKnownFileType = text.plist.xml; path = Info.plist; sourceTree = "<group>"; };
		723EF98321028E0500F2FB2E /* DouYuZBTests.xctest */ = {isa = PBXFileReference; explicitFileType = wrapper.cfbundle; includeInIndex = 0; path = DouYuZBTests.xctest; sourceTree = BUILT_PRODUCTS_DIR; };
		723EF98721028E0500F2FB2E /* DouYuZBTests.swift */ = {isa = PBXFileReference; lastKnownFileType = sourcecode.swift; path = DouYuZBTests.swift; sourceTree = "<group>"; };
		723EF98921028E0500F2FB2E /* Info.plist */ = {isa = PBXFileReference; lastKnownFileType = text.plist.xml; path = Info.plist; sourceTree = "<group>"; };
		723EF98E21028E0500F2FB2E /* DouYuZBUITests.xctest */ = {isa = PBXFileReference; explicitFileType = wrapper.cfbundle; includeInIndex = 0; path = DouYuZBUITests.xctest; sourceTree = BUILT_PRODUCTS_DIR; };
		723EF99221028E0500F2FB2E /* DouYuZBUITests.swift */ = {isa = PBXFileReference; lastKnownFileType = sourcecode.swift; path = DouYuZBUITests.swift; sourceTree = "<group>"; };
		723EF99421028E0500F2FB2E /* Info.plist */ = {isa = PBXFileReference; lastKnownFileType = text.plist.xml; path = Info.plist; sourceTree = "<group>"; };
/* End PBXFileReference section */

/* Begin PBXFrameworksBuildPhase section */
		723EF96C21028E0300F2FB2E /* Frameworks */ = {
			isa = PBXFrameworksBuildPhase;
			buildActionMask = 2147483647;
			files = (
			);
			runOnlyForDeploymentPostprocessing = 0;
		};
		723EF98021028E0500F2FB2E /* Frameworks */ = {
			isa = PBXFrameworksBuildPhase;
			buildActionMask = 2147483647;
			files = (
			);
			runOnlyForDeploymentPostprocessing = 0;
		};
		723EF98B21028E0500F2FB2E /* Frameworks */ = {
			isa = PBXFrameworksBuildPhase;
			buildActionMask = 2147483647;
			files = (
			);
			runOnlyForDeploymentPostprocessing = 0;
		};
/* End PBXFrameworksBuildPhase section */

/* Begin PBXGroup section */
		723EF96621028E0300F2FB2E = {
			isa = PBXGroup;
			children = (
				723EF97121028E0300F2FB2E /* DouYuZB */,
				723EF98621028E0500F2FB2E /* DouYuZBTests */,
				723EF99121028E0500F2FB2E /* DouYuZBUITests */,
				723EF97021028E0300F2FB2E /* Products */,
			);
			sourceTree = "<group>";
		};
		723EF97021028E0300F2FB2E /* Products */ = {
			isa = PBXGroup;
			children = (
				723EF96F21028E0300F2FB2E /* DouYuZB.app */,
				723EF98321028E0500F2FB2E /* DouYuZBTests.xctest */,
				723EF98E21028E0500F2FB2E /* DouYuZBUITests.xctest */,
			);
			name = Products;
			sourceTree = "<group>";
		};
		723EF97121028E0300F2FB2E /* DouYuZB */ = {
			isa = PBXGroup;
			children = (
				723EF97221028E0400F2FB2E /* AppDelegate.swift */,
				723EF97421028E0400F2FB2E /* ViewController.swift */,
				723EF97621028E0400F2FB2E /* Main.storyboard */,
				723EF97921028E0400F2FB2E /* Assets.xcassets */,
				723EF97B21028E0400F2FB2E /* LaunchScreen.storyboard */,
				723EF97E21028E0400F2FB2E /* Info.plist */,
			);
			path = DouYuZB;
			sourceTree = "<group>";
		};
		723EF98621028E0500F2FB2E /* DouYuZBTests */ = {
			isa = PBXGroup;
			children = (
				723EF98721028E0500F2FB2E /* DouYuZBTests.swift */,
				723EF98921028E0500F2FB2E /* Info.plist */,
			);
			path = DouYuZBTests;
			sourceTree = "<group>";
		};
		723EF99121028E0500F2FB2E /* DouYuZBUITests */ = {
			isa = PBXGroup;
			children = (
				723EF99221028E0500F2FB2E /* DouYuZBUITests.swift */,
				723EF99421028E0500F2FB2E /* Info.plist */,
			);
			path = DouYuZBUITests;
			sourceTree = "<group>";
		};
/* End PBXGroup section */

/* Begin PBXNativeTarget section */
		723EF96E21028E0300F2FB2E /* DouYuZB */ = {
			isa = PBXNativeTarget;
			buildConfigurationList = 723EF99721028E0500F2FB2E /* Build configuration list for PBXNativeTarget "DouYuZB" */;
			buildPhases = (
				723EF96B21028E0300F2FB2E /* Sources */,
				723EF96C21028E0300F2FB2E /* Frameworks */,
				723EF96D21028E0300F2FB2E /* Resources */,
			);
			buildRules = (
			);
			dependencies = (
			);
			name = DouYuZB;
			productName = DouYuZB;
			productReference = 723EF96F21028E0300F2FB2E /* DouYuZB.app */;
			productType = "com.apple.product-type.application";
		};
		723EF98221028E0500F2FB2E /* DouYuZBTests */ = {
			isa = PBXNativeTarget;
			buildConfigurationList = 723EF99A21028E0500F2FB2E /* Build configuration list for PBXNativeTarget "DouYuZBTests" */;
			buildPhases = (
				723EF97F21028E0500F2FB2E /* Sources */,
				723EF98021028E0500F2FB2E /* Frameworks */,
				723EF98121028E0500F2FB2E /* Resources */,
			);
			buildRules = (
			);
			dependencies = (
				723EF98521028E0500F2FB2E /* PBXTargetDependency */,
			);
			name = DouYuZBTests;
			productName = DouYuZBTests;
			productReference = 723EF98321028E0500F2FB2E /* DouYuZBTests.xctest */;
			productType = "com.apple.product-type.bundle.unit-test";
		};
		723EF98D21028E0500F2FB2E /* DouYuZBUITests */ = {
			isa = PBXNativeTarget;
			buildConfigurationList = 723EF99D21028E0500F2FB2E /* Build configuration list for PBXNativeTarget "DouYuZBUITests" */;
			buildPhases = (
				723EF98A21028E0500F2FB2E /* Sources */,
				723EF98B21028E0500F2FB2E /* Frameworks */,
				723EF98C21028E0500F2FB2E /* Resources */,
			);
			buildRules = (
			);
			dependencies = (
				723EF99021028E0500F2FB2E /* PBXTargetDependency */,
			);
			name = DouYuZBUITests;
			productName = DouYuZBUITests;
			productReference = 723EF98E21028E0500F2FB2E /* DouYuZBUITests.xctest */;
			productType = "com.apple.product-type.bundle.ui-testing";
		};
/* End PBXNativeTarget section */

/* Begin PBXProject section */
		723EF96721028E0300F2FB2E /* Project object */ = {
			isa = PBXProject;
			attributes = {
				LastSwiftUpdateCheck = 0940;
				LastUpgradeCheck = 0940;
				ORGANIZATIONNAME = "Fuming Shan";
				TargetAttributes = {
					723EF96E21028E0300F2FB2E = {
						CreatedOnToolsVersion = 9.4.1;
					};
					723EF98221028E0500F2FB2E = {
						CreatedOnToolsVersion = 9.4.1;
						TestTargetID = 723EF96E21028E0300F2FB2E;
					};
					723EF98D21028E0500F2FB2E = {
						CreatedOnToolsVersion = 9.4.1;
						TestTargetID = 723EF96E21028E0300F2FB2E;
					};
				};
			};
			buildConfigurationList = 723EF96A21028E0300F2FB2E /* Build configuration list for PBXProject "DouYuZB" */;
			compatibilityVersion = "Xcode 9.3";
			developmentRegion = en;
			hasScannedForEncodings = 0;
			knownRegions = (
				en,
				Base,
			);
			mainGroup = 723EF96621028E0300F2FB2E;
			productRefGroup = 723EF97021028E0300F2FB2E /* Products */;
			projectDirPath = "";
			projectRoot = "";
			targets = (
				723EF96E21028E0300F2FB2E /* DouYuZB */,
				723EF98221028E0500F2FB2E /* DouYuZBTests */,
				723EF98D21028E0500F2FB2E /* DouYuZBUITests */,
			);
		};
/* End PBXProject section */

/* Begin PBXResourcesBuildPhase section */
		723EF96D21028E0300F2FB2E /* Resources */ = {
			isa = PBXResourcesBuildPhase;
			buildActionMask = 2147483647;
			files = (
				723EF97D21028E0400F2FB2E /* LaunchScreen.storyboard in Resources */,
				723EF97A21028E0400F2FB2E /* Assets.xcassets in Resources */,
				723EF97821028E0400F2FB2E /* Main.storyboard in Resources */,
			);
			runOnlyForDeploymentPostprocessing = 0;
		};
		723EF98121028E0500F2FB2E /* Resources */ = {
			isa = PBXResourcesBuildPhase;
			buildActionMask = 2147483647;
			files = (
			);
			runOnlyForDeploymentPostprocessing = 0;
		};
		723EF98C21028E0500F2FB2E /* Resources */ = {
			isa = PBXResourcesBuildPhase;
			buildActionMask = 2147483647;
			files = (
			);
			runOnlyForDeploymentPostprocessing = 0;
		};
/* End PBXResourcesBuildPhase section */

/* Begin PBXSourcesBuildPhase section */
		723EF96B21028E0300F2FB2E /* Sources */ = {
			isa = PBXSourcesBuildPhase;
			buildActionMask = 2147483647;
			files = (
				723EF97521028E0400F2FB2E /* ViewController.swift in Sources */,
				723EF97321028E0400F2FB2E /* AppDelegate.swift in Sources */,
			);
			runOnlyForDeploymentPostprocessing = 0;
		};
		723EF97F21028E0500F2FB2E /* Sources */ = {
			isa = PBXSourcesBuildPhase;
			buildActionMask = 2147483647;
			files = (
				723EF98821028E0500F2FB2E /* DouYuZBTests.swift in Sources */,
			);
			runOnlyForDeploymentPostprocessing = 0;
		};
		723EF98A21028E0500F2FB2E /* Sources */ = {
			isa = PBXSourcesBuildPhase;
			buildActionMask = 2147483647;
			files = (
				723EF99321028E0500F2FB2E /* DouYuZBUITests.swift in Sources */,
			);
			runOnlyForDeploymentPostprocessing = 0;
		};
/* End PBXSourcesBuildPhase section */

/* Begin PBXTargetDependency section */
		723EF98521028E0500F2FB2E /* PBXTargetDependency */ = {
			isa = PBXTargetDependency;
			target = 723EF96E21028E0300F2FB2E /* DouYuZB */;
			targetProxy = 723EF98421028E0500F2FB2E /* PBXContainerItemProxy */;
		};
		723EF99021028E0500F2FB2E /* PBXTargetDependency */ = {
			isa = PBXTargetDependency;
			target = 723EF96E21028E0300F2FB2E /* DouYuZB */;
			targetProxy = 723EF98F21028E0500F2FB2E /* PBXContainerItemProxy */;
		};
/* End PBXTargetDependency section */

/* Begin PBXVariantGroup section */
		723EF97621028E0400F2FB2E /* Main.storyboard */ = {
			isa = PBXVariantGroup;
			children = (
				723EF97721028E0400F2FB2E /* Base */,
			);
			name = Main.storyboard;
			sourceTree = "<group>";
		};
		723EF97B21028E0400F2FB2E /* LaunchScreen.storyboard */ = {
			isa = PBXVariantGroup;
			children = (
				723EF97C21028E0400F2FB2E /* Base */,
			);
			name = LaunchScreen.storyboard;
			sourceTree = "<group>";
		};
/* End PBXVariantGroup section */

/* Begin XCBuildConfiguration section */
		723EF99521028E0500F2FB2E /* Debug */ = {
			isa = XCBuildConfiguration;
			buildSettings = {
				ALWAYS_SEARCH_USER_PATHS = NO;
				CLANG_ANALYZER_NONNULL = YES;
				CLANG_ANALYZER_NUMBER_OBJECT_CONVERSION = YES_AGGRESSIVE;
				CLANG_CXX_LANGUAGE_STANDARD = "gnu++14";
				CLANG_CXX_LIBRARY = "libc++";
				CLANG_ENABLE_MODULES = YES;
				CLANG_ENABLE_OBJC_ARC = YES;
				CLANG_ENABLE_OBJC_WEAK = YES;
				CLANG_WARN_BLOCK_CAPTURE_AUTORELEASING = YES;
				CLANG_WARN_BOOL_CONVERSION = YES;
				CLANG_WARN_COMMA = YES;
				CLANG_WARN_CONSTANT_CONVERSION = YES;
				CLANG_WARN_DEPRECATED_OBJC_IMPLEMENTATIONS = YES;
				CLANG_WARN_DIRECT_OBJC_ISA_USAGE = YES_ERROR;
				CLANG_WARN_DOCUMENTATION_COMMENTS = YES;
				CLANG_WARN_EMPTY_BODY = YES;
				CLANG_WARN_ENUM_CONVERSION = YES;
				CLANG_WARN_INFINITE_RECURSION = YES;
				CLANG_WARN_INT_CONVERSION = YES;
				CLANG_WARN_NON_LITERAL_NULL_CONVERSION = YES;
				CLANG_WARN_OBJC_IMPLICIT_RETAIN_SELF = YES;
				CLANG_WARN_OBJC_LITERAL_CONVERSION = YES;
				CLANG_WARN_OBJC_ROOT_CLASS = YES_ERROR;
				CLANG_WARN_RANGE_LOOP_ANALYSIS = YES;
				CLANG_WARN_STRICT_PROTOTYPES = YES;
				CLANG_WARN_SUSPICIOUS_MOVE = YES;
				CLANG_WARN_UNGUARDED_AVAILABILITY = YES_AGGRESSIVE;
				CLANG_WARN_UNREACHABLE_CODE = YES;
				CLANG_WARN__DUPLICATE_METHOD_MATCH = YES;
				CODE_SIGN_IDENTITY = "iPhone Developer";
				COPY_PHASE_STRIP = NO;
				DEBUG_INFORMATION_FORMAT = dwarf;
				ENABLE_STRICT_OBJC_MSGSEND = YES;
				ENABLE_TESTABILITY = YES;
				GCC_C_LANGUAGE_STANDARD = gnu11;
				GCC_DYNAMIC_NO_PIC = NO;
				GCC_NO_COMMON_BLOCKS = YES;
				GCC_OPTIMIZATION_LEVEL = 0;
				GCC_PREPROCESSOR_DEFINITIONS = (
					"DEBUG=1",
					"$(inherited)",
				);
				GCC_WARN_64_TO_32_BIT_CONVERSION = YES;
				GCC_WARN_ABOUT_RETURN_TYPE = YES_ERROR;
				GCC_WARN_UNDECLARED_SELECTOR = YES;
				GCC_WARN_UNINITIALIZED_AUTOS = YES_AGGRESSIVE;
				GCC_WARN_UNUSED_FUNCTION = YES;
				GCC_WARN_UNUSED_VARIABLE = YES;
				IPHONEOS_DEPLOYMENT_TARGET = 11.4;
				MTL_ENABLE_DEBUG_INFO = YES;
				ONLY_ACTIVE_ARCH = YES;
				SDKROOT = iphoneos;
				SWIFT_ACTIVE_COMPILATION_CONDITIONS = DEBUG;
				SWIFT_OPTIMIZATION_LEVEL = "-Onone";
			};
			name = Debug;
		};
		723EF99621028E0500F2FB2E /* Release */ = {
			isa = XCBuildConfiguration;
			buildSettings = {
				ALWAYS_SEARCH_USER_PATHS = NO;
				CLANG_ANALYZER_NONNULL = YES;
				CLANG_ANALYZER_NUMBER_OBJECT_CONVERSION = YES_AGGRESSIVE;
				CLANG_CXX_LANGUAGE_STANDARD = "gnu++14";
				CLANG_CXX_LIBRARY = "libc++";
				CLANG_ENABLE_MODULES = YES;
				CLANG_ENABLE_OBJC_ARC = YES;
				CLANG_ENABLE_OBJC_WEAK = YES;
				CLANG_WARN_BLOCK_CAPTURE_AUTORELEASING = YES;
				CLANG_WARN_BOOL_CONVERSION = YES;
				CLANG_WARN_COMMA = YES;
				CLANG_WARN_CONSTANT_CONVERSION = YES;
				CLANG_WARN_DEPRECATED_OBJC_IMPLEMENTATIONS = YES;
				CLANG_WARN_DIRECT_OBJC_ISA_USAGE = YES_ERROR;
				CLANG_WARN_DOCUMENTATION_COMMENTS = YES;
				CLANG_WARN_EMPTY_BODY = YES;
				CLANG_WARN_ENUM_CONVERSION = YES;
				CLANG_WARN_INFINITE_RECURSION = YES;
				CLANG_WARN_INT_CONVERSION = YES;
				CLANG_WARN_NON_LITERAL_NULL_CONVERSION = YES;
				CLANG_WARN_OBJC_IMPLICIT_RETAIN_SELF = YES;
				CLANG_WARN_OBJC_LITERAL_CONVERSION = YES;
				CLANG_WARN_OBJC_ROOT_CLASS = YES_ERROR;
				CLANG_WARN_RANGE_LOOP_ANALYSIS = YES;
				CLANG_WARN_STRICT_PROTOTYPES = YES;
				CLANG_WARN_SUSPICIOUS_MOVE = YES;
				CLANG_WARN_UNGUARDED_AVAILABILITY = YES_AGGRESSIVE;
				CLANG_WARN_UNREACHABLE_CODE = YES;
				CLANG_WARN__DUPLICATE_METHOD_MATCH = YES;
				CODE_SIGN_IDENTITY = "iPhone Developer";
				COPY_PHASE_STRIP = NO;
				DEBUG_INFORMATION_FORMAT = "dwarf-with-dsym";
				ENABLE_NS_ASSERTIONS = NO;
				ENABLE_STRICT_OBJC_MSGSEND = YES;
				GCC_C_LANGUAGE_STANDARD = gnu11;
				GCC_NO_COMMON_BLOCKS = YES;
				GCC_WARN_64_TO_32_BIT_CONVERSION = YES;
				GCC_WARN_ABOUT_RETURN_TYPE = YES_ERROR;
				GCC_WARN_UNDECLARED_SELECTOR = YES;
				GCC_WARN_UNINITIALIZED_AUTOS = YES_AGGRESSIVE;
				GCC_WARN_UNUSED_FUNCTION = YES;
				GCC_WARN_UNUSED_VARIABLE = YES;
				IPHONEOS_DEPLOYMENT_TARGET = 11.4;
				MTL_ENABLE_DEBUG_INFO = NO;
				SDKROOT = iphoneos;
				SWIFT_COMPILATION_MODE = wholemodule;
				SWIFT_OPTIMIZATION_LEVEL = "-O";
				VALIDATE_PRODUCT = YES;
			};
			name = Release;
		};
		723EF99821028E0500F2FB2E /* Debug */ = {
			isa = XCBuildConfiguration;
			buildSettings = {
				ASSETCATALOG_COMPILER_APPICON_NAME = AppIcon;
				CODE_SIGN_STYLE = Automatic;
				DEVELOPMENT_TEAM = 3836XGNYY2;
				INFOPLIST_FILE = DouYuZB/Info.plist;
				LD_RUNPATH_SEARCH_PATHS = (
					"$(inherited)",
					"@executable_path/Frameworks",
				);
				PRODUCT_BUNDLE_IDENTIFIER = shan.DouYuZB;
				PRODUCT_NAME = "$(TARGET_NAME)";
				SWIFT_VERSION = 4.0;
				TARGETED_DEVICE_FAMILY = "1,2";
			};
			name = Debug;
		};
		723EF99921028E0500F2FB2E /* Release */ = {
			isa = XCBuildConfiguration;
			buildSettings = {
				ASSETCATALOG_COMPILER_APPICON_NAME = AppIcon;
				CODE_SIGN_STYLE = Automatic;
				DEVELOPMENT_TEAM = 3836XGNYY2;
				INFOPLIST_FILE = DouYuZB/Info.plist;
				LD_RUNPATH_SEARCH_PATHS = (
					"$(inherited)",
					"@executable_path/Frameworks",
				);
				PRODUCT_BUNDLE_IDENTIFIER = shan.DouYuZB;
				PRODUCT_NAME = "$(TARGET_NAME)";
				SWIFT_VERSION = 4.0;
				TARGETED_DEVICE_FAMILY = "1,2";
			};
			name = Release;
		};
		723EF99B21028E0500F2FB2E /* Debug */ = {
			isa = XCBuildConfiguration;
			buildSettings = {
				ALWAYS_EMBED_SWIFT_STANDARD_LIBRARIES = YES;
				BUNDLE_LOADER = "$(TEST_HOST)";
				CODE_SIGN_STYLE = Automatic;
				INFOPLIST_FILE = DouYuZBTests/Info.plist;
				LD_RUNPATH_SEARCH_PATHS = (
					"$(inherited)",
					"@executable_path/Frameworks",
					"@loader_path/Frameworks",
				);
				PRODUCT_BUNDLE_IDENTIFIER = shan.DouYuZBTests;
				PRODUCT_NAME = "$(TARGET_NAME)";
				SWIFT_VERSION = 4.0;
				TARGETED_DEVICE_FAMILY = "1,2";
				TEST_HOST = "$(BUILT_PRODUCTS_DIR)/DouYuZB.app/DouYuZB";
			};
			name = Debug;
		};
		723EF99C21028E0500F2FB2E /* Release */ = {
			isa = XCBuildConfiguration;
			buildSettings = {
				ALWAYS_EMBED_SWIFT_STANDARD_LIBRARIES = YES;
				BUNDLE_LOADER = "$(TEST_HOST)";
				CODE_SIGN_STYLE = Automatic;
				INFOPLIST_FILE = DouYuZBTests/Info.plist;
				LD_RUNPATH_SEARCH_PATHS = (
					"$(inherited)",
					"@executable_path/Frameworks",
					"@loader_path/Frameworks",
				);
				PRODUCT_BUNDLE_IDENTIFIER = shan.DouYuZBTests;
				PRODUCT_NAME = "$(TARGET_NAME)";
				SWIFT_VERSION = 4.0;
				TARGETED_DEVICE_FAMILY = "1,2";
				TEST_HOST = "$(BUILT_PRODUCTS_DIR)/DouYuZB.app/DouYuZB";
			};
			name = Release;
		};
		723EF99E21028E0500F2FB2E /* Debug */ = {
			isa = XCBuildConfiguration;
			buildSettings = {
				ALWAYS_EMBED_SWIFT_STANDARD_LIBRARIES = YES;
				CODE_SIGN_STYLE = Automatic;
				INFOPLIST_FILE = DouYuZBUITests/Info.plist;
				LD_RUNPATH_SEARCH_PATHS = (
					"$(inherited)",
					"@executable_path/Frameworks",
					"@loader_path/Frameworks",
				);
				PRODUCT_BUNDLE_IDENTIFIER = shan.DouYuZBUITests;
				PRODUCT_NAME = "$(TARGET_NAME)";
				SWIFT_VERSION = 4.0;
				TARGETED_DEVICE_FAMILY = "1,2";
				TEST_TARGET_NAME = DouYuZB;
			};
			name = Debug;
		};
		723EF99F21028E0500F2FB2E /* Release */ = {
			isa = XCBuildConfiguration;
			buildSettings = {
				ALWAYS_EMBED_SWIFT_STANDARD_LIBRARIES = YES;
				CODE_SIGN_STYLE = Automatic;
				INFOPLIST_FILE = DouYuZBUITests/Info.plist;
				LD_RUNPATH_SEARCH_PATHS = (
					"$(inherited)",
					"@executable_path/Frameworks",
					"@loader_path/Frameworks",
				);
				PRODUCT_BUNDLE_IDENTIFIER = shan.DouYuZBUITests;
				PRODUCT_NAME = "$(TARGET_NAME)";
				SWIFT_VERSION = 4.0;
				TARGETED_DEVICE_FAMILY = "1,2";
				TEST_TARGET_NAME = DouYuZB;
			};
			name = Release;
		};
/* End XCBuildConfiguration section */

/* Begin XCConfigurationList section */
		723EF96A21028E0300F2FB2E /* Build configuration list for PBXProject "DouYuZB" */ = {
			isa = XCConfigurationList;
			buildConfigurations = (
				723EF99521028E0500F2FB2E /* Debug */,
				723EF99621028E0500F2FB2E /* Release */,
			);
			defaultConfigurationIsVisible = 0;
			defaultConfigurationName = Release;
		};
		723EF99721028E0500F2FB2E /* Build configuration list for PBXNativeTarget "DouYuZB" */ = {
			isa = XCConfigurationList;
			buildConfigurations = (
				723EF99821028E0500F2FB2E /* Debug */,
				723EF99921028E0500F2FB2E /* Release */,
			);
			defaultConfigurationIsVisible = 0;
			defaultConfigurationName = Release;
		};
		723EF99A21028E0500F2FB2E /* Build configuration list for PBXNativeTarget "DouYuZBTests" */ = {
			isa = XCConfigurationList;
			buildConfigurations = (
				723EF99B21028E0500F2FB2E /* Debug */,
				723EF99C21028E0500F2FB2E /* Release */,
			);
			defaultConfigurationIsVisible = 0;
			defaultConfigurationName = Release;
		};
		723EF99D21028E0500F2FB2E /* Build configuration list for PBXNativeTarget "DouYuZBUITests" */ = {
			isa = XCConfigurationList;
			buildConfigurations = (
				723EF99E21028E0500F2FB2E /* Debug */,
				723EF99F21028E0500F2FB2E /* Release */,
			);
			defaultConfigurationIsVisible = 0;
			defaultConfigurationName = Release;
		};
/* End XCConfigurationList section */
	};
	rootObject = 723EF96721028E0300F2FB2E /* Project object */;
}
